
Microsoft Visual Studio Solution File, Format Version 12.00
# Visual Studio 2012
Project("{FAE04EC0-301F-11D3-BF4B-00C04F79EFBC}") = "Ahorcado.Web", "Ahorcado.Web\Ahorcado.Web.csproj", "{C3F223BB-E33F-4EBC-86EC-960135465A00}"
EndProject
Project("{FAE04EC0-301F-11D3-BF4B-00C04F79EFBC}") = "Ahorcado.UnitTests", "Ahorcado.UnitTests\Ahorcado.UnitTests.csproj", "{F8CF40FF-23FA-4809-9225-01356E400606}"
EndProject
Project("{FAE04EC0-301F-11D3-BF4B-00C04F79EFBC}") = "Ahorcado.Specs", "Ahorcado.Specs\Ahorcado.Specs.csproj", "{4E9919AF-B27D-4A1C-B95A-6D2A42825BDB}"
EndProject
Global
	GlobalSection(SolutionConfigurationPlatforms) = preSolution
		Debug|Any CPU = Debug|Any CPU
		Release|Any CPU = Release|Any CPU
	EndGlobalSection
	GlobalSection(ProjectConfigurationPlatforms) = postSolution
		{C3F223BB-E33F-4EBC-86EC-960135465A00}.Debug|Any CPU.ActiveCfg = Debug|Any CPU
		{C3F223BB-E33F-4EBC-86EC-960135465A00}.Debug|Any CPU.Build.0 = Debug|Any CPU
		{C3F223BB-E33F-4EBC-86EC-960135465A00}.Release|Any CPU.ActiveCfg = Release|Any CPU
		{C3F223BB-E33F-4EBC-86EC-960135465A00}.Release|Any CPU.Build.0 = Release|Any CPU
		{F8CF40FF-23FA-4809-9225-01356E400606}.Debug|Any CPU.ActiveCfg = Debug|Any CPU
		{F8CF40FF-23FA-4809-9225-01356E400606}.Debug|Any CPU.Build.0 = Debug|Any CPU
		{F8CF40FF-23FA-4809-9225-01356E400606}.Release|Any CPU.ActiveCfg = Release|Any CPU
		{F8CF40FF-23FA-4809-9225-01356E400606}.Release|Any CPU.Build.0 = Release|Any CPU
		{4E9919AF-B27D-4A1C-B95A-6D2A42825BDB}.Debug|Any CPU.ActiveCfg = Debug|Any CPU
		{4E9919AF-B27D-4A1C-B95A-6D2A42825BDB}.Debug|Any CPU.Build.0 = Debug|Any CPU
		{4E9919AF-B27D-4A1C-B95A-6D2A42825BDB}.Release|Any CPU.ActiveCfg = Release|Any CPU
		{4E9919AF-B27D-4A1C-B95A-6D2A42825BDB}.Release|Any CPU.Build.0 = Release|Any CPU
	EndGlobalSection
	GlobalSection(SolutionProperties) = preSolution
		HideSolutionNode = FALSE
	EndGlobalSection
EndGlobal
